
Microsoft Visual Studio Solution File, Format Version 12.00
# Visual Studio Version 16
VisualStudioVersion = 16.0.30204.135
MinimumVisualStudioVersion = 10.0.40219.1
Project("{FAE04EC0-301F-11D3-BF4B-00C04F79EFBC}") = "Login.Web", "Login.Web\Login.Web.csproj", "{5461FA27-3540-43F4-931A-7A54C22502DA}"
EndProject
Global
	GlobalSection(SolutionConfigurationPlatforms) = preSolution
		Debug|Any CPU = Debug|Any CPU
		Release|Any CPU = Release|Any CPU
	EndGlobalSection
	GlobalSection(ProjectConfigurationPlatforms) = postSolution
		{5461FA27-3540-43F4-931A-7A54C22502DA}.Debug|Any CPU.ActiveCfg = Debug|Any CPU
		{5461FA27-3540-43F4-931A-7A54C22502DA}.Debug|Any CPU.Build.0 = Debug|Any CPU
		{5461FA27-3540-43F4-931A-7A54C22502DA}.Release|Any CPU.ActiveCfg = Release|Any CPU
		{5461FA27-3540-43F4-931A-7A54C22502DA}.Release|Any CPU.Build.0 = Release|Any CPU
	EndGlobalSection
	GlobalSection(SolutionProperties) = preSolution
		HideSolutionNode = FALSE
	EndGlobalSection
	GlobalSection(ExtensibilityGlobals) = postSolution
		SolutionGuid = {3E1D6323-C573-4F25-81EF-B296A85D71D8}
	EndGlobalSection
EndGlobal
